
Microsoft Visual Studio Solution File, Format Version 12.00
# Visual Studio 15
VisualStudioVersion = 15.0.28010.2036
MinimumVisualStudioVersion = 10.0.40219.1
Project("{FAE04EC0-301F-11D3-BF4B-00C04F79EFBC}") = "AFP project", "AFP project\AFP project.csproj", "{4DBC2C81-9E76-4BD6-828D-A86754752ADC}"
EndProject
Global
	GlobalSection(SolutionConfigurationPlatforms) = preSolution
		Debug|Any CPU = Debug|Any CPU
		Release|Any CPU = Release|Any CPU
	EndGlobalSection
	GlobalSection(ProjectConfigurationPlatforms) = postSolution
		{4DBC2C81-9E76-4BD6-828D-A86754752ADC}.Debug|Any CPU.ActiveCfg = Debug|Any CPU
		{4DBC2C81-9E76-4BD6-828D-A86754752ADC}.Debug|Any CPU.Build.0 = Debug|Any CPU
		{4DBC2C81-9E76-4BD6-828D-A86754752ADC}.Release|Any CPU.ActiveCfg = Release|Any CPU
		{4DBC2C81-9E76-4BD6-828D-A86754752ADC}.Release|Any CPU.Build.0 = Release|Any CPU
	EndGlobalSection
	GlobalSection(SolutionProperties) = preSolution
		HideSolutionNode = FALSE
	EndGlobalSection
	GlobalSection(ExtensibilityGlobals) = postSolution
		SolutionGuid = {56644284-14AD-463B-A07A-1DE9883015AF}
	EndGlobalSection
EndGlobal
